
Microsoft Visual Studio Solution File, Format Version 12.00
# Visual Studio Version 17
VisualStudioVersion = 17.0.31521.260
MinimumVisualStudioVersion = 10.0.40219.1
Project("{FAE04EC0-301F-11D3-BF4B-00C04F79EFBC}") = "DataAccess", "DataAccess\DataAccess.csproj", "{0F6E894B-5EB7-4CA5-A28B-271E86BE944B}"
EndProject
Project("{FAE04EC0-301F-11D3-BF4B-00C04F79EFBC}") = "Business", "Business\Business.csproj", "{8F2A2A20-DAB2-4FD1-ACC7-C797865ADB49}"
EndProject
Project("{FAE04EC0-301F-11D3-BF4B-00C04F79EFBC}") = "Entities", "Entities\Entities.csproj", "{EB45D61B-02F7-4353-BC7F-3E70CA07FB08}"
EndProject
Project("{FAE04EC0-301F-11D3-BF4B-00C04F79EFBC}") = "ConsoleUI", "ConsoleUI\ConsoleUI.csproj", "{F81D480B-0AA3-4E5E-B687-3B6A72240092}"
EndProject
Global
	GlobalSection(SolutionConfigurationPlatforms) = preSolution
		Debug|Any CPU = Debug|Any CPU
		Release|Any CPU = Release|Any CPU
	EndGlobalSection
	GlobalSection(ProjectConfigurationPlatforms) = postSolution
		{0F6E894B-5EB7-4CA5-A28B-271E86BE944B}.Debug|Any CPU.ActiveCfg = Debug|Any CPU
		{0F6E894B-5EB7-4CA5-A28B-271E86BE944B}.Debug|Any CPU.Build.0 = Debug|Any CPU
		{0F6E894B-5EB7-4CA5-A28B-271E86BE944B}.Release|Any CPU.ActiveCfg = Release|Any CPU
		{0F6E894B-5EB7-4CA5-A28B-271E86BE944B}.Release|Any CPU.Build.0 = Release|Any CPU
		{8F2A2A20-DAB2-4FD1-ACC7-C797865ADB49}.Debug|Any CPU.ActiveCfg = Debug|Any CPU
		{8F2A2A20-DAB2-4FD1-ACC7-C797865ADB49}.Debug|Any CPU.Build.0 = Debug|Any CPU
		{8F2A2A20-DAB2-4FD1-ACC7-C797865ADB49}.Release|Any CPU.ActiveCfg = Release|Any CPU
		{8F2A2A20-DAB2-4FD1-ACC7-C797865ADB49}.Release|Any CPU.Build.0 = Release|Any CPU
		{EB45D61B-02F7-4353-BC7F-3E70CA07FB08}.Debug|Any CPU.ActiveCfg = Debug|Any CPU
		{EB45D61B-02F7-4353-BC7F-3E70CA07FB08}.Debug|Any CPU.Build.0 = Debug|Any CPU
		{EB45D61B-02F7-4353-BC7F-3E70CA07FB08}.Release|Any CPU.ActiveCfg = Release|Any CPU
		{EB45D61B-02F7-4353-BC7F-3E70CA07FB08}.Release|Any CPU.Build.0 = Release|Any CPU
		{F81D480B-0AA3-4E5E-B687-3B6A72240092}.Debug|Any CPU.ActiveCfg = Debug|Any CPU
		{F81D480B-0AA3-4E5E-B687-3B6A72240092}.Debug|Any CPU.Build.0 = Debug|Any CPU
		{F81D480B-0AA3-4E5E-B687-3B6A72240092}.Release|Any CPU.ActiveCfg = Release|Any CPU
		{F81D480B-0AA3-4E5E-B687-3B6A72240092}.Release|Any CPU.Build.0 = Release|Any CPU
	EndGlobalSection
	GlobalSection(SolutionProperties) = preSolution
		HideSolutionNode = FALSE
	EndGlobalSection
	GlobalSection(ExtensibilityGlobals) = postSolution
		SolutionGuid = {4F81A045-F90F-41C8-9CC2-952513D15C56}
	EndGlobalSection
EndGlobal
